// !$*UTF8*$!
{
	archiveVersion = 1;
	classes = {
	};
	objectVersion = 46;
	objects = {

/* Begin PBXBuildFile section */
		0598435F1E1FB2E00089F5A0 /* AppDelegate.swift in Sources */ = {isa = PBXBuildFile; fileRef = 0598435E1E1FB2E00089F5A0 /* AppDelegate.swift */; };
		059843611E1FB2E00089F5A0 /* ViewController.swift in Sources */ = {isa = PBXBuildFile; fileRef = 059843601E1FB2E00089F5A0 /* ViewController.swift */; };
		059843641E1FB2E00089F5A0 /* Main.storyboard in Resources */ = {isa = PBXBuildFile; fileRef = 059843621E1FB2E00089F5A0 /* Main.storyboard */; };
		059843661E1FB2E00089F5A0 /* Assets.xcassets in Resources */ = {isa = PBXBuildFile; fileRef = 059843651E1FB2E00089F5A0 /* Assets.xcassets */; };
		059843691E1FB2E00089F5A0 /* LaunchScreen.storyboard in Resources */ = {isa = PBXBuildFile; fileRef = 059843671E1FB2E00089F5A0 /* LaunchScreen.storyboard */; };
		059843721E1FB34F0089F5A0 /* SpriteKit.framework in Frameworks */ = {isa = PBXBuildFile; fileRef = 059843711E1FB34F0089F5A0 /* SpriteKit.framework */; };
		059843741E1FB7870089F5A0 /* GameScene.swift in Sources */ = {isa = PBXBuildFile; fileRef = 059843731E1FB7870089F5A0 /* GameScene.swift */; };
		05B9ED901E3226BF00C97B69 /* AVFoundation.framework in Frameworks */ = {isa = PBXBuildFile; fileRef = 05B9ED8F1E3226BF00C97B69 /* AVFoundation.framework */; };
		05B9EDBE1E32371700C97B69 /* pup.mp3 in Resources */ = {isa = PBXBuildFile; fileRef = 05B9EDBD1E32371700C97B69 /* pup.mp3 */; };
/* End PBXBuildFile section */

/* Begin PBXFileReference section */
		0598435B1E1FB2E00089F5A0 /* FlappyBird.app */ = {isa = PBXFileReference; explicitFileType = wrapper.application; includeInIndex = 0; path = FlappyBird.app; sourceTree = BUILT_PRODUCTS_DIR; };
		0598435E1E1FB2E00089F5A0 /* AppDelegate.swift */ = {isa = PBXFileReference; lastKnownFileType = sourcecode.swift; path = AppDelegate.swift; sourceTree = "<group>"; };
		059843601E1FB2E00089F5A0 /* ViewController.swift */ = {isa = PBXFileReference; lastKnownFileType = sourcecode.swift; path = ViewController.swift; sourceTree = "<group>"; };
		059843631E1FB2E00089F5A0 /* Base */ = {isa = PBXFileReference; lastKnownFileType = file.storyboard; name = Base; path = Base.lproj/Main.storyboard; sourceTree = "<group>"; };
		059843651E1FB2E00089F5A0 /* Assets.xcassets */ = {isa = PBXFileReference; lastKnownFileType = folder.assetcatalog; path = Assets.xcassets; sourceTree = "<group>"; };
		059843681E1FB2E00089F5A0 /* Base */ = {isa = PBXFileReference; lastKnownFileType = file.storyboard; name = Base; path = Base.lproj/LaunchScreen.storyboard; sourceTree = "<group>"; };
		0598436A1E1FB2E00089F5A0 /* Info.plist */ = {isa = PBXFileReference; lastKnownFileType = text.plist.xml; path = Info.plist; sourceTree = "<group>"; };
		059843711E1FB34F0089F5A0 /* SpriteKit.framework */ = {isa = PBXFileReference; lastKnownFileType = wrapper.framework; name = SpriteKit.framework; path = System/Library/Frameworks/SpriteKit.framework; sourceTree = SDKROOT; };
		059843731E1FB7870089F5A0 /* GameScene.swift */ = {isa = PBXFileReference; fileEncoding = 4; lastKnownFileType = sourcecode.swift; path = GameScene.swift; sourceTree = "<group>"; };
		05B9ED8F1E3226BF00C97B69 /* AVFoundation.framework */ = {isa = PBXFileReference; lastKnownFileType = wrapper.framework; name = AVFoundation.framework; path = System/Library/Frameworks/AVFoundation.framework; sourceTree = SDKROOT; };
		05B9EDBD1E32371700C97B69 /* pup.mp3 */ = {isa = PBXFileReference; lastKnownFileType = audio.mp3; path = pup.mp3; sourceTree = "<group>"; };
/* End PBXFileReference section */

/* Begin PBXFrameworksBuildPhase section */
		059843581E1FB2E00089F5A0 /* Frameworks */ = {
			isa = PBXFrameworksBuildPhase;
			buildActionMask = 2147483647;
			files = (
				05B9ED901E3226BF00C97B69 /* AVFoundation.framework in Frameworks */,
				059843721E1FB34F0089F5A0 /* SpriteKit.framework in Frameworks */,
			);
			runOnlyForDeploymentPostprocessing = 0;
		};
/* End PBXFrameworksBuildPhase section */

/* Begin PBXGroup section */
		059843521E1FB2E00089F5A0 = {
			isa = PBXGroup;
			children = (
				0598435D1E1FB2E00089F5A0 /* FlappyBird */,
				0598435C1E1FB2E00089F5A0 /* Products */,
				059843701E1FB34F0089F5A0 /* Frameworks */,
			);
			sourceTree = "<group>";
		};
		0598435C1E1FB2E00089F5A0 /* Products */ = {
			isa = PBXGroup;
			children = (
				0598435B1E1FB2E00089F5A0 /* FlappyBird.app */,
			);
			name = Products;
			sourceTree = "<group>";
		};
		0598435D1E1FB2E00089F5A0 /* FlappyBird */ = {
			isa = PBXGroup;
			children = (
				0598435E1E1FB2E00089F5A0 /* AppDelegate.swift */,
				059843601E1FB2E00089F5A0 /* ViewController.swift */,
				059843621E1FB2E00089F5A0 /* Main.storyboard */,
				059843651E1FB2E00089F5A0 /* Assets.xcassets */,
				059843731E1FB7870089F5A0 /* GameScene.swift */,
				059843671E1FB2E00089F5A0 /* LaunchScreen.storyboard */,
				0598436A1E1FB2E00089F5A0 /* Info.plist */,
				05B9EDBD1E32371700C97B69 /* pup.mp3 */,
			);
			path = FlappyBird;
			sourceTree = "<group>";
		};
		059843701E1FB34F0089F5A0 /* Frameworks */ = {
			isa = PBXGroup;
			children = (
				05B9ED8F1E3226BF00C97B69 /* AVFoundation.framework */,
				059843711E1FB34F0089F5A0 /* SpriteKit.framework */,
			);
			name = Frameworks;
			sourceTree = "<group>";
		};
/* End PBXGroup section */

/* Begin PBXNativeTarget section */
		0598435A1E1FB2E00089F5A0 /* FlappyBird */ = {
			isa = PBXNativeTarget;
			buildConfigurationList = 0598436D1E1FB2E00089F5A0 /* Build configuration list for PBXNativeTarget "FlappyBird" */;
			buildPhases = (
				059843571E1FB2E00089F5A0 /* Sources */,
				059843581E1FB2E00089F5A0 /* Frameworks */,
				059843591E1FB2E00089F5A0 /* Resources */,
			);
			buildRules = (
			);
			dependencies = (
			);
			name = FlappyBird;
			productName = FlappyBird;
			productReference = 0598435B1E1FB2E00089F5A0 /* FlappyBird.app */;
			productType = "com.apple.product-type.application";
		};
/* End PBXNativeTarget section */

/* Begin PBXProject section */
		059843531E1FB2E00089F5A0 /* Project object */ = {
			isa = PBXProject;
			attributes = {
				LastSwiftUpdateCheck = 0820;
				LastUpgradeCheck = 0820;
				ORGANIZATIONNAME = shigeo.kikuchi;
				TargetAttributes = {
					0598435A1E1FB2E00089F5A0 = {
						CreatedOnToolsVersion = 8.2.1;
						ProvisioningStyle = Automatic;
					};
				};
			};
			buildConfigurationList = 059843561E1FB2E00089F5A0 /* Build configuration list for PBXProject "FlappyBird" */;
			compatibilityVersion = "Xcode 3.2";
			developmentRegion = English;
			hasScannedForEncodings = 0;
			knownRegions = (
				en,
				Base,
			);
			mainGroup = 059843521E1FB2E00089F5A0;
			productRefGroup = 0598435C1E1FB2E00089F5A0 /* Products */;
			projectDirPath = "";
			projectRoot = "";
			targets = (
				0598435A1E1FB2E00089F5A0 /* FlappyBird */,
			);
		};
/* End PBXProject section */

/* Begin PBXResourcesBuildPhase section */
		059843591E1FB2E00089F5A0 /* Resources */ = {
			isa = PBXResourcesBuildPhase;
			buildActionMask = 2147483647;
			files = (
				059843691E1FB2E00089F5A0 /* LaunchScreen.storyboard in Resources */,
				059843661E1FB2E00089F5A0 /* Assets.xcassets in Resources */,
				05B9EDBE1E32371700C97B69 /* pup.mp3 in Resources */,
				059843641E1FB2E00089F5A0 /* Main.storyboard in Resources */,
			);
			runOnlyForDeploymentPostprocessing = 0;
		};
/* End PBXResourcesBuildPhase section */

/* Begin PBXSourcesBuildPhase section */
		059843571E1FB2E00089F5A0 /* Sources */ = {
			isa = PBXSourcesBuildPhase;
			buildActionMask = 2147483647;
			files = (
				059843741E1FB7870089F5A0 /* GameScene.swift in Sources */,
				059843611E1FB2E00089F5A0 /* ViewController.swift in Sources */,
				0598435F1E1FB2E00089F5A0 /* AppDelegate.swift in Sources */,
			);
			runOnlyForDeploymentPostprocessing = 0;
		};
/* End PBXSourcesBuildPhase section */

/* Begin PBXVariantGroup section */
		059843621E1FB2E00089F5A0 /* Main.storyboard */ = {
			isa = PBXVariantGroup;
			children = (
				059843631E1FB2E00089F5A0 /* Base */,
			);
			name = Main.storyboard;
			sourceTree = "<group>";
		};
		059843671E1FB2E00089F5A0 /* LaunchScreen.storyboard */ = {
			isa = PBXVariantGroup;
			children = (
				059843681E1FB2E00089F5A0 /* Base */,
			);
			name = LaunchScreen.storyboard;
			sourceTree = "<group>";
		};
/* End PBXVariantGroup section */

/* Begin XCBuildConfiguration section */
		0598436B1E1FB2E00089F5A0 /* Debug */ = {
			isa = XCBuildConfiguration;
			buildSettings = {
				ALWAYS_SEARCH_USER_PATHS = NO;
				CLANG_ANALYZER_NONNULL = YES;
				CLANG_CXX_LANGUAGE_STANDARD = "gnu++0x";
				CLANG_CXX_LIBRARY = "libc++";
				CLANG_ENABLE_MODULES = YES;
				CLANG_ENABLE_OBJC_ARC = YES;
				CLANG_WARN_BOOL_CONVERSION = YES;
				CLANG_WARN_CONSTANT_CONVERSION = YES;
				CLANG_WARN_DIRECT_OBJC_ISA_USAGE = YES_ERROR;
				CLANG_WARN_DOCUMENTATION_COMMENTS = YES;
				CLANG_WARN_EMPTY_BODY = YES;
				CLANG_WARN_ENUM_CONVERSION = YES;
				CLANG_WARN_INFINITE_RECURSION = YES;
				CLANG_WARN_INT_CONVERSION = YES;
				CLANG_WARN_OBJC_ROOT_CLASS = YES_ERROR;
				CLANG_WARN_SUSPICIOUS_MOVE = YES;
				CLANG_WARN_UNREACHABLE_CODE = YES;
				CLANG_WARN__DUPLICATE_METHOD_MATCH = YES;
				"CODE_SIGN_IDENTITY[sdk=iphoneos*]" = "iPhone Developer";
				COPY_PHASE_STRIP = NO;
				DEBUG_INFORMATION_FORMAT = dwarf;
				ENABLE_STRICT_OBJC_MSGSEND = YES;
				ENABLE_TESTABILITY = YES;
				GCC_C_LANGUAGE_STANDARD = gnu99;
				GCC_DYNAMIC_NO_PIC = NO;
				GCC_NO_COMMON_BLOCKS = YES;
				GCC_OPTIMIZATION_LEVEL = 0;
				GCC_PREPROCESSOR_DEFINITIONS = (
					"DEBUG=1",
					"$(inherited)",
				);
				GCC_WARN_64_TO_32_BIT_CONVERSION = YES;
				GCC_WARN_ABOUT_RETURN_TYPE = YES_ERROR;
				GCC_WARN_UNDECLARED_SELECTOR = YES;
				GCC_WARN_UNINITIALIZED_AUTOS = YES_AGGRESSIVE;
				GCC_WARN_UNUSED_FUNCTION = YES;
				GCC_WARN_UNUSED_VARIABLE = YES;
				IPHONEOS_DEPLOYMENT_TARGET = 10.2;
				MTL_ENABLE_DEBUG_INFO = YES;
				ONLY_ACTIVE_ARCH = YES;
				SDKROOT = iphoneos;
				SWIFT_ACTIVE_COMPILATION_CONDITIONS = DEBUG;
				SWIFT_OPTIMIZATION_LEVEL = "-Onone";
			};
			name = Debug;
		};
		0598436C1E1FB2E00089F5A0 /* Release */ = {
			isa = XCBuildConfiguration;
			buildSettings = {
				ALWAYS_SEARCH_USER_PATHS = NO;
				CLANG_ANALYZER_NONNULL = YES;
				CLANG_CXX_LANGUAGE_STANDARD = "gnu++0x";
				CLANG_CXX_LIBRARY = "libc++";
				CLANG_ENABLE_MODULES = YES;
				CLANG_ENABLE_OBJC_ARC = YES;
				CLANG_WARN_BOOL_CONVERSION = YES;
				CLANG_WARN_CONSTANT_CONVERSION = YES;
				CLANG_WARN_DIRECT_OBJC_ISA_USAGE = YES_ERROR;
				CLANG_WARN_DOCUMENTATION_COMMENTS = YES;
				CLANG_WARN_EMPTY_BODY = YES;
				CLANG_WARN_ENUM_CONVERSION = YES;
				CLANG_WARN_INFINITE_RECURSION = YES;
				CLANG_WARN_INT_CONVERSION = YES;
				CLANG_WARN_OBJC_ROOT_CLASS = YES_ERROR;
				CLANG_WARN_SUSPICIOUS_MOVE = YES;
				CLANG_WARN_UNREACHABLE_CODE = YES;
				CLANG_WARN__DUPLICATE_METHOD_MATCH = YES;
				"CODE_SIGN_IDENTITY[sdk=iphoneos*]" = "iPhone Developer";
				COPY_PHASE_STRIP = NO;
				DEBUG_INFORMATION_FORMAT = "dwarf-with-dsym";
				ENABLE_NS_ASSERTIONS = NO;
				ENABLE_STRICT_OBJC_MSGSEND = YES;
				GCC_C_LANGUAGE_STANDARD = gnu99;
				GCC_NO_COMMON_BLOCKS = YES;
				GCC_WARN_64_TO_32_BIT_CONVERSION = YES;
				GCC_WARN_ABOUT_RETURN_TYPE = YES_ERROR;
				GCC_WARN_UNDECLARED_SELECTOR = YES;
				GCC_WARN_UNINITIALIZED_AUTOS = YES_AGGRESSIVE;
				GCC_WARN_UNUSED_FUNCTION = YES;
				GCC_WARN_UNUSED_VARIABLE = YES;
				IPHONEOS_DEPLOYMENT_TARGET = 10.2;
				MTL_ENABLE_DEBUG_INFO = NO;
				SDKROOT = iphoneos;
				SWIFT_OPTIMIZATION_LEVEL = "-Owholemodule";
				VALIDATE_PRODUCT = YES;
			};
			name = Release;
		};
		0598436E1E1FB2E00089F5A0 /* Debug */ = {
			isa = XCBuildConfiguration;
			buildSettings = {
				ASSETCATALOG_COMPILER_APPICON_NAME = AppIcon;
				INFOPLIST_FILE = FlappyBird/Info.plist;
				LD_RUNPATH_SEARCH_PATHS = "$(inherited) @executable_path/Frameworks";
				PRODUCT_BUNDLE_IDENTIFIER = jp.techacademy.shigeo.kikuchi.FlappyBird;
				PRODUCT_NAME = "$(TARGET_NAME)";
				SWIFT_VERSION = 3.0;
			};
			name = Debug;
		};
		0598436F1E1FB2E00089F5A0 /* Release */ = {
			isa = XCBuildConfiguration;
			buildSettings = {
				ASSETCATALOG_COMPILER_APPICON_NAME = AppIcon;
				INFOPLIST_FILE = FlappyBird/Info.plist;
				LD_RUNPATH_SEARCH_PATHS = "$(inherited) @executable_path/Frameworks";
				PRODUCT_BUNDLE_IDENTIFIER = jp.techacademy.shigeo.kikuchi.FlappyBird;
				PRODUCT_NAME = "$(TARGET_NAME)";
				SWIFT_VERSION = 3.0;
			};
			name = Release;
		};
/* End XCBuildConfiguration section */

/* Begin XCConfigurationList section */
		059843561E1FB2E00089F5A0 /* Build configuration list for PBXProject "FlappyBird" */ = {
			isa = XCConfigurationList;
			buildConfigurations = (
				0598436B1E1FB2E00089F5A0 /* Debug */,
				0598436C1E1FB2E00089F5A0 /* Release */,
			);
			defaultConfigurationIsVisible = 0;
			defaultConfigurationName = Release;
		};
		0598436D1E1FB2E00089F5A0 /* Build configuration list for PBXNativeTarget "FlappyBird" */ = {
			isa = XCConfigurationList;
			buildConfigurations = (
				0598436E1E1FB2E00089F5A0 /* Debug */,
				0598436F1E1FB2E00089F5A0 /* Release */,
			);
			defaultConfigurationIsVisible = 0;
			defaultConfigurationName = Release;
		};
/* End XCConfigurationList section */
	};
	rootObject = 059843531E1FB2E00089F5A0 /* Project object */;
}
